%{"conform": {:hex, :conform, "0.13.0"},
  "exrm": {:hex, :exrm, "0.15.3"},
  "jiffy": {:git, "https://github.com/davisp/jiffy.git", "801f9e72995eb72b303018885137ad8afbf1fb2b", [ref: "801f9e72995eb72b303018885137ad8afbf1fb2b"]},
  "socket": {:git, "https://github.com/meh/elixir-socket.git", "1d1a85031e862dbf1d17f1c867a5871bc52e95da", [ref: "1d1a85031e862dbf1d17f1c867a5871bc52e95da"]}}
